lockfileVersion: '9.0'

settings:
  autoInstallPeers: true
  excludeLinksFromLockfile: false

importers:

  .:
    dependencies:
      '@caido/sdk-client':
        specifier: 0.1.2
        version: 0.1.2
    devDependencies:
      '@types/node':
        specifier: 25.0.10
        version: 25.0.10
      typescript:
        specifier: 5.6.2
        version: 5.6.2

packages:

  '@0no-co/graphql.web@1.2.0':
    resolution: {integrity: sha512-/1iHy9TTr63gE1YcR5idjx8UREz1s0kFhydf3bBLCXyqjhkIc6igAzTOx3zPifCwFR87tsh/4Pa9cNts6d2otw==}
    peerDependencies:
      graphql: ^14.0.0 || ^15.0.0 || ^16.0.0
    peerDependenciesMeta:
      graphql:
        optional: true

  '@caido/sdk-client@0.1.2':
    resolution: {integrity: sha512-N7CEibQfabXh8H8lixXQhVXaEKm676kKPw9GgJPkPiRDym2UmcrH0zLD+4zaD/xkCOeuMFsfj3PGeb1a3nytGA==}

  '@caido/server-auth@0.2.0':
    resolution: {integrity: sha512-jQhhjOvr7bOkFZpAuoLDQNfddjAZrrmn1KzXIUHNRBmhkUko/4a2TzoUajawr5LjB8Gk5GX0LA9f+tGLA3J2Rg==}

  '@graphql-typed-document-node/core@3.2.0':
    resolution: {integrity: sha512-mB9oAsNCm9aM3/SOv4YtBMqZbYj10R7dkq8byBqxGY/ncFwhf2oQzMV+LCRlWoDSEBJ3COiR1yeDvMtsoOsuFQ==}
    peerDependencies:
      graphql: ^0.8.0 || ^0.9.0 || ^0.10.0 || ^0.11.0 || ^0.12.0 || ^0.13.0 || ^14.0.0 || ^15.0.0 || ^16.0.0 || ^17.0.0

  '@types/node@25.0.10':
    resolution: {integrity: sha512-zWW5KPngR/yvakJgGOmZ5vTBemDoSqF3AcV/LrO5u5wTWyEAVVh+IT39G4gtyAkh3CtTZs8aX/yRM82OfzHJRg==}

  '@urql/core@6.0.1':
    resolution: {integrity: sha512-FZDiQk6jxbj5hixf2rEPv0jI+IZz0EqqGW8mJBEug68/zHTtT+f34guZDmyjJZyiWbj0vL165LoMr/TkeDHaug==}

  '@urql/exchange-auth@3.0.0':
    resolution: {integrity: sha512-tj09xiOR2f1J2h8TE9uZWjRZipCdmDoTewEytOacDQ+0Teo+yIZxm3ppHxolQtiA51OHrGYiNTkMte8HtfvaBw==}
    peerDependencies:
      '@urql/core': ^6.0.0

  graphql-tag@2.12.6:
    resolution: {integrity: sha512-FdSNcu2QQcWnM2VNvSCCDCVS5PpPqpzgFT8+GXzqJuoDd0CBncxCY278u4mhRO7tMgo2JjgJA5aZ+nWSQ/Z+xg==}
    engines: {node: '>=10'}
    peerDependencies:
      graphql: ^0.9.0 || ^0.10.0 || ^0.11.0 || ^0.12.0 || ^0.13.0 || ^14.0.0 || ^15.0.0 || ^16.0.0

  graphql-ws@6.0.7:
    resolution: {integrity: sha512-yoLRW+KRlDmnnROdAu7sX77VNLC0bsFoZyGQJLy1cF+X/SkLg/fWkRGrEEYQK8o2cafJ2wmEaMqMEZB3U3DYDg==}
    engines: {node: '>=20'}
    peerDependencies:
      '@fastify/websocket': ^10 || ^11
      crossws: ~0.3
      graphql: ^15.10.1 || ^16
      ws: ^8
    peerDependenciesMeta:
      '@fastify/websocket':
        optional: true
      crossws:
        optional: true
      ws:
        optional: true

  graphql@16.12.0:
    resolution: {integrity: sha512-DKKrynuQRne0PNpEbzuEdHlYOMksHSUI8Zc9Unei5gTsMNA2/vMpoMz/yKba50pejK56qj98qM0SjYxAKi13gQ==}
    engines: {node: ^12.22.0 || ^14.16.0 || ^16.0.0 || >=17.0.0}

  tslib@2.8.1:
    resolution: {integrity: sha512-oJFu94HQb+KVduSUQL7wnpmqnfmLsOA/nAh6b6EH0wCEoK0/mPeXU6c3wKDV83MkOuHPRHtSXKKU99IBazS/2w==}

  typescript@5.6.2:
    resolution: {integrity: sha512-NW8ByodCSNCwZeghjN3o+JX5OFH0Ojg6sadjEKY4huZ52TqbJTJnDo5+Tw98lSy63NZvi4n+ez5m2u5d4PkZyw==}
    engines: {node: '>=14.17'}
    hasBin: true

  undici-types@7.16.0:
    resolution: {integrity: sha512-Zz+aZWSj8LE6zoxD+xrjh4VfkIG8Ya6LvYkZqtUQGJPZjYl53ypCaUwWqo7eI0x66KBGeRo+mlBEkMSeSZ38Nw==}

  wonka@6.3.5:
    resolution: {integrity: sha512-SSil+ecw6B4/Dm7Pf2sAshKQ5hWFvfyGlfPbEd6A14dOH6VDjrmbY86u6nZvy9omGwwIPFR8V41+of1EezgoUw==}

  zod@4.3.6:
    resolution: {integrity: sha512-rftlrkhHZOcjDwkGlnUtZZkvaPHCsDATp4pGpuOOMDaTdDDXF91wuVDJoWoPsKX/3YPQ5fHuF3STjcYyKr+Qhg==}

snapshots:

  '@0no-co/graphql.web@1.2.0(graphql@16.12.0)':
    optionalDependencies:
      graphql: 16.12.0

  '@caido/sdk-client@0.1.2':
    dependencies:
      '@caido/server-auth': 0.2.0
      '@graphql-typed-document-node/core': 3.2.0(graphql@16.12.0)
      '@urql/core': 6.0.1(graphql@16.12.0)
      '@urql/exchange-auth': 3.0.0(@urql/core@6.0.1(graphql@16.12.0))
      graphql: 16.12.0
      graphql-ws: 6.0.7(graphql@16.12.0)
      wonka: 6.3.5
      zod: 4.3.6
    transitivePeerDependencies:
      - '@fastify/websocket'
      - crossws
      - ws

  '@caido/server-auth@0.2.0':
    dependencies:
      '@urql/core': 6.0.1(graphql@16.12.0)
      graphql: 16.12.0
      graphql-tag: 2.12.6(graphql@16.12.0)
      graphql-ws: 6.0.7(graphql@16.12.0)
    transitivePeerDependencies:
      - '@fastify/websocket'
      - crossws
      - ws

  '@graphql-typed-document-node/core@3.2.0(graphql@16.12.0)':
    dependencies:
      graphql: 16.12.0

  '@types/node@25.0.10':
    dependencies:
      undici-types: 7.16.0

  '@urql/core@6.0.1(graphql@16.12.0)':
    dependencies:
      '@0no-co/graphql.web': 1.2.0(graphql@16.12.0)
      wonka: 6.3.5
    transitivePeerDependencies:
      - graphql

  '@urql/exchange-auth@3.0.0(@urql/core@6.0.1(graphql@16.12.0))':
    dependencies:
      '@urql/core': 6.0.1(graphql@16.12.0)
      wonka: 6.3.5

  graphql-tag@2.12.6(graphql@16.12.0):
    dependencies:
      graphql: 16.12.0
      tslib: 2.8.1

  graphql-ws@6.0.7(graphql@16.12.0):
    dependencies:
      graphql: 16.12.0

  graphql@16.12.0: {}

  tslib@2.8.1: {}

  typescript@5.6.2: {}

  undici-types@7.16.0: {}

  wonka@6.3.5: {}

  zod@4.3.6: {}
